# This file is automatically @generated by Cargo.
# It is not intended for manual editing.
version = 4

[[package]]
name = "glam"
version = "0.34.0"
source = "registry+https://github.com/rust-lang/crates.io-index"
checksum = "eece6af6447501f08d55ff4f6aed8a2753e4224e51899bccf3d5ae3d2de564b1"

[[package]]
name = "worldline-core"
version = "0.1.0"
dependencies = [
 "glam",
]
